
Microsoft Visual Studio Solution File, Format Version 12.00
# Visual Studio Version 17
VisualStudioVersion = 17.13.35825.156 d17.13
MinimumVisualStudioVersion = 10.0.40219.1
Project("{FAE04EC0-301F-11D3-BF4B-00C04F79EFBC}") = "Looping", "Looping\Looping.csproj", "{48E4B7A5-9CD2-4166-9A5B-B4843992E9C9}"
EndProject
Global
	GlobalSection(SolutionConfigurationPlatforms) = preSolution
		Debug|Any CPU = Debug|Any CPU
		Release|Any CPU = Release|Any CPU
	EndGlobalSection
	GlobalSection(ProjectConfigurationPlatforms) = postSolution
		{48E4B7A5-9CD2-4166-9A5B-B4843992E9C9}.Debug|Any CPU.ActiveCfg = Debug|Any CPU
		{48E4B7A5-9CD2-4166-9A5B-B4843992E9C9}.Debug|Any CPU.Build.0 = Debug|Any CPU
		{48E4B7A5-9CD2-4166-9A5B-B4843992E9C9}.Release|Any CPU.ActiveCfg = Release|Any CPU
		{48E4B7A5-9CD2-4166-9A5B-B4843992E9C9}.Release|Any CPU.Build.0 = Release|Any CPU
	EndGlobalSection
	GlobalSection(SolutionProperties) = preSolution
		HideSolutionNode = FALSE
	EndGlobalSection
	GlobalSection(ExtensibilityGlobals) = postSolution
		SolutionGuid = {16C622E9-022C-4DFB-A754-046E5DDB58C7}
	EndGlobalSection
EndGlobal
