
Microsoft Visual Studio Solution File, Format Version 12.00
# Visual Studio Version 17
VisualStudioVersion = 17.13.35825.156 d17.13
MinimumVisualStudioVersion = 10.0.40219.1
Project("{FAE04EC0-301F-11D3-BF4B-00C04F79EFBC}") = "SimpleHotelRoomManagementProjectSCharpProject2", "SimpleHotelRoomManagementProjectSCharpProject2.csproj", "{435258F6-C3E6-45C1-8C0C-E3C618580B16}"
EndProject
Global
	GlobalSection(SolutionConfigurationPlatforms) = preSolution
		Debug|Any CPU = Debug|Any CPU
		Release|Any CPU = Release|Any CPU
	EndGlobalSection
	GlobalSection(ProjectConfigurationPlatforms) = postSolution
		{435258F6-C3E6-45C1-8C0C-E3C618580B16}.Debug|Any CPU.ActiveCfg = Debug|Any CPU
		{435258F6-C3E6-45C1-8C0C-E3C618580B16}.Debug|Any CPU.Build.0 = Debug|Any CPU
		{435258F6-C3E6-45C1-8C0C-E3C618580B16}.Release|Any CPU.ActiveCfg = Release|Any CPU
		{435258F6-C3E6-45C1-8C0C-E3C618580B16}.Release|Any CPU.Build.0 = Release|Any CPU
	EndGlobalSection
	GlobalSection(SolutionProperties) = preSolution
		HideSolutionNode = FALSE
	EndGlobalSection
	GlobalSection(ExtensibilityGlobals) = postSolution
		SolutionGuid = {21888858-9B09-44A2-B40B-544FE82DD9CD}
	EndGlobalSection
EndGlobal
