
Microsoft Visual Studio Solution File, Format Version 12.00
# Visual Studio Version 17
VisualStudioVersion = 17.13.35825.156 d17.13
MinimumVisualStudioVersion = 10.0.40219.1
Project("{FAE04EC0-301F-11D3-BF4B-00C04F79EFBC}") = "FunctionsInCSharp", "FunctionsInCSharp\FunctionsInCSharp.csproj", "{D71E1828-747E-460B-AE8C-E5529AAAF60C}"
EndProject
Global
	GlobalSection(SolutionConfigurationPlatforms) = preSolution
		Debug|Any CPU = Debug|Any CPU
		Release|Any CPU = Release|Any CPU
	EndGlobalSection
	GlobalSection(ProjectConfigurationPlatforms) = postSolution
		{D71E1828-747E-460B-AE8C-E5529AAAF60C}.Debug|Any CPU.ActiveCfg = Debug|Any CPU
		{D71E1828-747E-460B-AE8C-E5529AAAF60C}.Debug|Any CPU.Build.0 = Debug|Any CPU
		{D71E1828-747E-460B-AE8C-E5529AAAF60C}.Release|Any CPU.ActiveCfg = Release|Any CPU
		{D71E1828-747E-460B-AE8C-E5529AAAF60C}.Release|Any CPU.Build.0 = Release|Any CPU
	EndGlobalSection
	GlobalSection(SolutionProperties) = preSolution
		HideSolutionNode = FALSE
	EndGlobalSection
	GlobalSection(ExtensibilityGlobals) = postSolution
		SolutionGuid = {930B2125-F8AA-470D-A092-EF6CC906E274}
	EndGlobalSection
EndGlobal
